
Microsoft Visual Studio Solution File, Format Version 12.00
# Visual Studio Version 17
VisualStudioVersion = 17.11.35208.52
MinimumVisualStudioVersion = 10.0.40219.1
Project("{FAE04EC0-301F-11D3-BF4B-00C04F79EFBC}") = "GuañaRomeroRobertoFelipe", "GuañaRomeroRobertoFelipe\GuañaRomeroRobertoFelipe.csproj", "{832DF3EE-CAB7-49C6-B0BD-E3675B5C99CF}"
EndProject
Global
	GlobalSection(SolutionConfigurationPlatforms) = preSolution
		Debug|Any CPU = Debug|Any CPU
		Release|Any CPU = Release|Any CPU
	EndGlobalSection
	GlobalSection(ProjectConfigurationPlatforms) = postSolution
		{832DF3EE-CAB7-49C6-B0BD-E3675B5C99CF}.Debug|Any CPU.ActiveCfg = Debug|Any CPU
		{832DF3EE-CAB7-49C6-B0BD-E3675B5C99CF}.Debug|Any CPU.Build.0 = Debug|Any CPU
		{832DF3EE-CAB7-49C6-B0BD-E3675B5C99CF}.Debug|Any CPU.Deploy.0 = Debug|Any CPU
		{832DF3EE-CAB7-49C6-B0BD-E3675B5C99CF}.Release|Any CPU.ActiveCfg = Release|Any CPU
		{832DF3EE-CAB7-49C6-B0BD-E3675B5C99CF}.Release|Any CPU.Build.0 = Release|Any CPU
		{832DF3EE-CAB7-49C6-B0BD-E3675B5C99CF}.Release|Any CPU.Deploy.0 = Release|Any CPU
	EndGlobalSection
	GlobalSection(SolutionProperties) = preSolution
		HideSolutionNode = FALSE
	EndGlobalSection
	GlobalSection(ExtensibilityGlobals) = postSolution
		SolutionGuid = {0D516552-47F5-42D6-93FD-5CB96E9229E8}
	EndGlobalSection
EndGlobal
